// !$*UTF8*$!
{
	archiveVersion = 1;
	classes = {
	};
	objectVersion = 50;
	objects = {

/* Begin PBXBuildFile section */
		5B8512A226DE43DE001FA4F4 /* AppDelegate.swift in Sources */ = {isa = PBXBuildFile; fileRef = 5B8512A126DE43DE001FA4F4 /* AppDelegate.swift */; };
		5B8512A426DE43DE001FA4F4 /* SceneDelegate.swift in Sources */ = {isa = PBXBuildFile; fileRef = 5B8512A326DE43DE001FA4F4 /* SceneDelegate.swift */; };
		5B8512A626DE43DE001FA4F4 /* ContentView.swift in Sources */ = {isa = PBXBuildFile; fileRef = 5B8512A526DE43DE001FA4F4 /* ContentView.swift */; };
		5B8512A826DE43E4001FA4F4 /* Assets.xcassets in Resources */ = {isa = PBXBuildFile; fileRef = 5B8512A726DE43E4001FA4F4 /* Assets.xcassets */; };
		5B8512AB26DE43E4001FA4F4 /* Preview Assets.xcassets in Resources */ = {isa = PBXBuildFile; fileRef = 5B8512AA26DE43E4001FA4F4 /* Preview Assets.xcassets */; };
		5B8512AE26DE43E4001FA4F4 /* LaunchScreen.storyboard in Resources */ = {isa = PBXBuildFile; fileRef = 5B8512AC26DE43E4001FA4F4 /* LaunchScreen.storyboard */; };
		5B8512C026DE87DC001FA4F4 /* FormItem.swift in Sources */ = {isa = PBXBuildFile; fileRef = 5B8512BF26DE87DC001FA4F4 /* FormItem.swift */; };
		5B8512C326DE8C0E001FA4F4 /* FormContentBuilder.swift in Sources */ = {isa = PBXBuildFile; fileRef = 5B8512C226DE8C0E001FA4F4 /* FormContentBuilder.swift */; };
		5B8512C626DE8F49001FA4F4 /* TextFieldFormView.swift in Sources */ = {isa = PBXBuildFile; fileRef = 5B8512C526DE8F49001FA4F4 /* TextFieldFormView.swift */; };
		5B8512C826DE912C001FA4F4 /* DateFormView.swift in Sources */ = {isa = PBXBuildFile; fileRef = 5B8512C726DE912C001FA4F4 /* DateFormView.swift */; };
		5B8512CA26DE9408001FA4F4 /* ButtonFormView.swift in Sources */ = {isa = PBXBuildFile; fileRef = 5B8512C926DE9408001FA4F4 /* ButtonFormView.swift */; };
		5B8512CE26DE9844001FA4F4 /* RegexPatterns.swift in Sources */ = {isa = PBXBuildFile; fileRef = 5B8512CD26DE9844001FA4F4 /* RegexPatterns.swift */; };
		5B8512D326DE9B33001FA4F4 /* RegexFormItem.swift in Sources */ = {isa = PBXBuildFile; fileRef = 5B8512D226DE9B33001FA4F4 /* RegexFormItem.swift */; };
		5B8512D626DE9B9D001FA4F4 /* ValidationError.swift in Sources */ = {isa = PBXBuildFile; fileRef = 5B8512D526DE9B9D001FA4F4 /* ValidationError.swift */; };
		5B8512D926DE9C4A001FA4F4 /* ValidationManager.swift in Sources */ = {isa = PBXBuildFile; fileRef = 5B8512D826DE9C4A001FA4F4 /* ValidationManager.swift */; };
		5B8512DC26DEAB07001FA4F4 /* FormState.swift in Sources */ = {isa = PBXBuildFile; fileRef = 5B8512DB26DEAB07001FA4F4 /* FormState.swift */; };
/* End PBXBuildFile section */

/* Begin PBXFileReference section */
		5B85129E26DE43DE001FA4F4 /* BCInputField.app */ = {isa = PBXFileReference; explicitFileType = wrapper.application; includeInIndex = 0; path = BCInputField.app; sourceTree = BUILT_PRODUCTS_DIR; };
		5B8512A126DE43DE001FA4F4 /* AppDelegate.swift */ = {isa = PBXFileReference; lastKnownFileType = sourcecode.swift; path = AppDelegate.swift; sourceTree = "<group>"; };
		5B8512A326DE43DE001FA4F4 /* SceneDelegate.swift */ = {isa = PBXFileReference; lastKnownFileType = sourcecode.swift; path = SceneDelegate.swift; sourceTree = "<group>"; };
		5B8512A526DE43DE001FA4F4 /* ContentView.swift */ = {isa = PBXFileReference; lastKnownFileType = sourcecode.swift; path = ContentView.swift; sourceTree = "<group>"; };
		5B8512A726DE43E4001FA4F4 /* Assets.xcassets */ = {isa = PBXFileReference; lastKnownFileType = folder.assetcatalog; path = Assets.xcassets; sourceTree = "<group>"; };
		5B8512AA26DE43E4001FA4F4 /* Preview Assets.xcassets */ = {isa = PBXFileReference; lastKnownFileType = folder.assetcatalog; path = "Preview Assets.xcassets"; sourceTree = "<group>"; };
		5B8512AD26DE43E4001FA4F4 /* Base */ = {isa = PBXFileReference; lastKnownFileType = file.storyboard; name = Base; path = Base.lproj/LaunchScreen.storyboard; sourceTree = "<group>"; };
		5B8512AF26DE43E4001FA4F4 /* Info.plist */ = {isa = PBXFileReference; lastKnownFileType = text.plist.xml; path = Info.plist; sourceTree = "<group>"; };
		5B8512BF26DE87DC001FA4F4 /* FormItem.swift */ = {isa = PBXFileReference; lastKnownFileType = sourcecode.swift; path = FormItem.swift; sourceTree = "<group>"; };
		5B8512C226DE8C0E001FA4F4 /* FormContentBuilder.swift */ = {isa = PBXFileReference; lastKnownFileType = sourcecode.swift; path = FormContentBuilder.swift; sourceTree = "<group>"; };
		5B8512C526DE8F49001FA4F4 /* TextFieldFormView.swift */ = {isa = PBXFileReference; lastKnownFileType = sourcecode.swift; path = TextFieldFormView.swift; sourceTree = "<group>"; };
		5B8512C726DE912C001FA4F4 /* DateFormView.swift */ = {isa = PBXFileReference; lastKnownFileType = sourcecode.swift; path = DateFormView.swift; sourceTree = "<group>"; };
		5B8512C926DE9408001FA4F4 /* ButtonFormView.swift */ = {isa = PBXFileReference; lastKnownFileType = sourcecode.swift; path = ButtonFormView.swift; sourceTree = "<group>"; };
		5B8512CD26DE9844001FA4F4 /* RegexPatterns.swift */ = {isa = PBXFileReference; lastKnownFileType = sourcecode.swift; path = RegexPatterns.swift; sourceTree = "<group>"; };
		5B8512D226DE9B33001FA4F4 /* RegexFormItem.swift */ = {isa = PBXFileReference; lastKnownFileType = sourcecode.swift; path = RegexFormItem.swift; sourceTree = "<group>"; };
		5B8512D526DE9B9D001FA4F4 /* ValidationError.swift */ = {isa = PBXFileReference; lastKnownFileType = sourcecode.swift; path = ValidationError.swift; sourceTree = "<group>"; };
		5B8512D826DE9C4A001FA4F4 /* ValidationManager.swift */ = {isa = PBXFileReference; lastKnownFileType = sourcecode.swift; path = ValidationManager.swift; sourceTree = "<group>"; };
		5B8512DB26DEAB07001FA4F4 /* FormState.swift */ = {isa = PBXFileReference; lastKnownFileType = sourcecode.swift; path = FormState.swift; sourceTree = "<group>"; };
/* End PBXFileReference section */

/* Begin PBXFrameworksBuildPhase section */
		5B85129B26DE43DE001FA4F4 /* Frameworks */ = {
			isa = PBXFrameworksBuildPhase;
			buildActionMask = 2147483647;
			files = (
			);
			runOnlyForDeploymentPostprocessing = 0;
		};
/* End PBXFrameworksBuildPhase section */

/* Begin PBXGroup section */
		5B85129526DE43DE001FA4F4 = {
			isa = PBXGroup;
			children = (
				5B8512A026DE43DE001FA4F4 /* BCInputField */,
				5B85129F26DE43DE001FA4F4 /* Products */,
			);
			sourceTree = "<group>";
		};
		5B85129F26DE43DE001FA4F4 /* Products */ = {
			isa = PBXGroup;
			children = (
				5B85129E26DE43DE001FA4F4 /* BCInputField.app */,
			);
			name = Products;
			sourceTree = "<group>";
		};
		5B8512A026DE43DE001FA4F4 /* BCInputField */ = {
			isa = PBXGroup;
			children = (
				5B8512BC26DE8777001FA4F4 /* Form */,
				5B8512A126DE43DE001FA4F4 /* AppDelegate.swift */,
				5B8512A326DE43DE001FA4F4 /* SceneDelegate.swift */,
				5B8512A526DE43DE001FA4F4 /* ContentView.swift */,
				5B8512A726DE43E4001FA4F4 /* Assets.xcassets */,
				5B8512AC26DE43E4001FA4F4 /* LaunchScreen.storyboard */,
				5B8512AF26DE43E4001FA4F4 /* Info.plist */,
				5B8512A926DE43E4001FA4F4 /* Preview Content */,
			);
			path = BCInputField;
			sourceTree = "<group>";
		};
		5B8512A926DE43E4001FA4F4 /* Preview Content */ = {
			isa = PBXGroup;
			children = (
				5B8512AA26DE43E4001FA4F4 /* Preview Assets.xcassets */,
			);
			path = "Preview Content";
			sourceTree = "<group>";
		};
		5B8512BC26DE8777001FA4F4 /* Form */ = {
			isa = PBXGroup;
			children = (
				5B8512DA26DEAAFD001FA4F4 /* Event */,
				5B8512CB26DE97F2001FA4F4 /* Regex */,
				5B8512C426DE8F3D001FA4F4 /* Views */,
				5B8512C126DE8BE9001FA4F4 /* Builder */,
				5B8512BD26DE87B1001FA4F4 /* Form */,
			);
			path = Form;
			sourceTree = "<group>";
		};
		5B8512BD26DE87B1001FA4F4 /* Form */ = {
			isa = PBXGroup;
			children = (
				5B8512BE26DE87C5001FA4F4 /* Model */,
			);
			path = Form;
			sourceTree = "<group>";
		};
		5B8512BE26DE87C5001FA4F4 /* Model */ = {
			isa = PBXGroup;
			children = (
				5B8512BF26DE87DC001FA4F4 /* FormItem.swift */,
			);
			path = Model;
			sourceTree = "<group>";
		};
		5B8512C126DE8BE9001FA4F4 /* Builder */ = {
			isa = PBXGroup;
			children = (
				5B8512C226DE8C0E001FA4F4 /* FormContentBuilder.swift */,
			);
			path = Builder;
			sourceTree = "<group>";
		};
		5B8512C426DE8F3D001FA4F4 /* Views */ = {
			isa = PBXGroup;
			children = (
				5B8512C526DE8F49001FA4F4 /* TextFieldFormView.swift */,
				5B8512C726DE912C001FA4F4 /* DateFormView.swift */,
				5B8512C926DE9408001FA4F4 /* ButtonFormView.swift */,
			);
			path = Views;
			sourceTree = "<group>";
		};
		5B8512CB26DE97F2001FA4F4 /* Regex */ = {
			isa = PBXGroup;
			children = (
				5B8512D726DE9C37001FA4F4 /* Manager */,
				5B8512D426DE9B90001FA4F4 /* Error */,
				5B8512D126DE9B23001FA4F4 /* Model */,
				5B8512CC26DE982C001FA4F4 /* Patterns */,
			);
			path = Regex;
			sourceTree = "<group>";
		};
		5B8512CC26DE982C001FA4F4 /* Patterns */ = {
			isa = PBXGroup;
			children = (
				5B8512CD26DE9844001FA4F4 /* RegexPatterns.swift */,
			);
			path = Patterns;
			sourceTree = "<group>";
		};
		5B8512D126DE9B23001FA4F4 /* Model */ = {
			isa = PBXGroup;
			children = (
				5B8512D226DE9B33001FA4F4 /* RegexFormItem.swift */,
			);
			path = Model;
			sourceTree = "<group>";
		};
		5B8512D426DE9B90001FA4F4 /* Error */ = {
			isa = PBXGroup;
			children = (
				5B8512D526DE9B9D001FA4F4 /* ValidationError.swift */,
			);
			path = Error;
			sourceTree = "<group>";
		};
		5B8512D726DE9C37001FA4F4 /* Manager */ = {
			isa = PBXGroup;
			children = (
				5B8512D826DE9C4A001FA4F4 /* ValidationManager.swift */,
			);
			path = Manager;
			sourceTree = "<group>";
		};
		5B8512DA26DEAAFD001FA4F4 /* Event */ = {
			isa = PBXGroup;
			children = (
				5B8512DB26DEAB07001FA4F4 /* FormState.swift */,
			);
			path = Event;
			sourceTree = "<group>";
		};
/* End PBXGroup section */

/* Begin PBXNativeTarget section */
		5B85129D26DE43DE001FA4F4 /* BCInputField */ = {
			isa = PBXNativeTarget;
			buildConfigurationList = 5B8512B226DE43E4001FA4F4 /* Build configuration list for PBXNativeTarget "BCInputField" */;
			buildPhases = (
				5B85129A26DE43DE001FA4F4 /* Sources */,
				5B85129B26DE43DE001FA4F4 /* Frameworks */,
				5B85129C26DE43DE001FA4F4 /* Resources */,
			);
			buildRules = (
			);
			dependencies = (
			);
			name = BCInputField;
			productName = BCInputField;
			productReference = 5B85129E26DE43DE001FA4F4 /* BCInputField.app */;
			productType = "com.apple.product-type.application";
		};
/* End PBXNativeTarget section */

/* Begin PBXProject section */
		5B85129626DE43DE001FA4F4 /* Project object */ = {
			isa = PBXProject;
			attributes = {
				LastSwiftUpdateCheck = 1250;
				LastUpgradeCheck = 1250;
				TargetAttributes = {
					5B85129D26DE43DE001FA4F4 = {
						CreatedOnToolsVersion = 12.5;
					};
				};
			};
			buildConfigurationList = 5B85129926DE43DE001FA4F4 /* Build configuration list for PBXProject "BCInputField" */;
			compatibilityVersion = "Xcode 9.3";
			developmentRegion = en;
			hasScannedForEncodings = 0;
			knownRegions = (
				en,
				Base,
			);
			mainGroup = 5B85129526DE43DE001FA4F4;
			productRefGroup = 5B85129F26DE43DE001FA4F4 /* Products */;
			projectDirPath = "";
			projectRoot = "";
			targets = (
				5B85129D26DE43DE001FA4F4 /* BCInputField */,
			);
		};
/* End PBXProject section */

/* Begin PBXResourcesBuildPhase section */
		5B85129C26DE43DE001FA4F4 /* Resources */ = {
			isa = PBXResourcesBuildPhase;
			buildActionMask = 2147483647;
			files = (
				5B8512AE26DE43E4001FA4F4 /* LaunchScreen.storyboard in Resources */,
				5B8512AB26DE43E4001FA4F4 /* Preview Assets.xcassets in Resources */,
				5B8512A826DE43E4001FA4F4 /* Assets.xcassets in Resources */,
			);
			runOnlyForDeploymentPostprocessing = 0;
		};
/* End PBXResourcesBuildPhase section */

/* Begin PBXSourcesBuildPhase section */
		5B85129A26DE43DE001FA4F4 /* Sources */ = {
			isa = PBXSourcesBuildPhase;
			buildActionMask = 2147483647;
			files = (
				5B8512D326DE9B33001FA4F4 /* RegexFormItem.swift in Sources */,
				5B8512CE26DE9844001FA4F4 /* RegexPatterns.swift in Sources */,
				5B8512A226DE43DE001FA4F4 /* AppDelegate.swift in Sources */,
				5B8512D626DE9B9D001FA4F4 /* ValidationError.swift in Sources */,
				5B8512C626DE8F49001FA4F4 /* TextFieldFormView.swift in Sources */,
				5B8512D926DE9C4A001FA4F4 /* ValidationManager.swift in Sources */,
				5B8512A426DE43DE001FA4F4 /* SceneDelegate.swift in Sources */,
				5B8512C326DE8C0E001FA4F4 /* FormContentBuilder.swift in Sources */,
				5B8512DC26DEAB07001FA4F4 /* FormState.swift in Sources */,
				5B8512CA26DE9408001FA4F4 /* ButtonFormView.swift in Sources */,
				5B8512C026DE87DC001FA4F4 /* FormItem.swift in Sources */,
				5B8512A626DE43DE001FA4F4 /* ContentView.swift in Sources */,
				5B8512C826DE912C001FA4F4 /* DateFormView.swift in Sources */,
			);
			runOnlyForDeploymentPostprocessing = 0;
		};
/* End PBXSourcesBuildPhase section */

/* Begin PBXVariantGroup section */
		5B8512AC26DE43E4001FA4F4 /* LaunchScreen.storyboard */ = {
			isa = PBXVariantGroup;
			children = (
				5B8512AD26DE43E4001FA4F4 /* Base */,
			);
			name = LaunchScreen.storyboard;
			sourceTree = "<group>";
		};
/* End PBXVariantGroup section */

/* Begin XCBuildConfiguration section */
		5B8512B026DE43E4001FA4F4 /* Debug */ = {
			isa = XCBuildConfiguration;
			buildSettings = {
				ALWAYS_SEARCH_USER_PATHS = NO;
				CLANG_ANALYZER_NONNULL = YES;
				CLANG_ANALYZER_NUMBER_OBJECT_CONVERSION = YES_AGGRESSIVE;
				CLANG_CXX_LANGUAGE_STANDARD = "gnu++14";
				CLANG_CXX_LIBRARY = "libc++";
				CLANG_ENABLE_MODULES = YES;
				CLANG_ENABLE_OBJC_ARC = YES;
				CLANG_ENABLE_OBJC_WEAK = YES;
				CLANG_WARN_BLOCK_CAPTURE_AUTORELEASING = YES;
				CLANG_WARN_BOOL_CONVERSION = YES;
				CLANG_WARN_COMMA = YES;
				CLANG_WARN_CONSTANT_CONVERSION = YES;
				CLANG_WARN_DEPRECATED_OBJC_IMPLEMENTATIONS = YES;
				CLANG_WARN_DIRECT_OBJC_ISA_USAGE = YES_ERROR;
				CLANG_WARN_DOCUMENTATION_COMMENTS = YES;
				CLANG_WARN_EMPTY_BODY = YES;
				CLANG_WARN_ENUM_CONVERSION = YES;
				CLANG_WARN_INFINITE_RECURSION = YES;
				CLANG_WARN_INT_CONVERSION = YES;
				CLANG_WARN_NON_LITERAL_NULL_CONVERSION = YES;
				CLANG_WARN_OBJC_IMPLICIT_RETAIN_SELF = YES;
				CLANG_WARN_OBJC_LITERAL_CONVERSION = YES;
				CLANG_WARN_OBJC_ROOT_CLASS = YES_ERROR;
				CLANG_WARN_QUOTED_INCLUDE_IN_FRAMEWORK_HEADER = YES;
				CLANG_WARN_RANGE_LOOP_ANALYSIS = YES;
				CLANG_WARN_STRICT_PROTOTYPES = YES;
				CLANG_WARN_SUSPICIOUS_MOVE = YES;
				CLANG_WARN_UNGUARDED_AVAILABILITY = YES_AGGRESSIVE;
				CLANG_WARN_UNREACHABLE_CODE = YES;
				CLANG_WARN__DUPLICATE_METHOD_MATCH = YES;
				COPY_PHASE_STRIP = NO;
				DEBUG_INFORMATION_FORMAT = dwarf;
				ENABLE_STRICT_OBJC_MSGSEND = YES;
				ENABLE_TESTABILITY = YES;
				GCC_C_LANGUAGE_STANDARD = gnu11;
				GCC_DYNAMIC_NO_PIC = NO;
				GCC_NO_COMMON_BLOCKS = YES;
				GCC_OPTIMIZATION_LEVEL = 0;
				GCC_PREPROCESSOR_DEFINITIONS = (
					"DEBUG=1",
					"$(inherited)",
				);
				GCC_WARN_64_TO_32_BIT_CONVERSION = YES;
				GCC_WARN_ABOUT_RETURN_TYPE = YES_ERROR;
				GCC_WARN_UNDECLARED_SELECTOR = YES;
				GCC_WARN_UNINITIALIZED_AUTOS = YES_AGGRESSIVE;
				GCC_WARN_UNUSED_FUNCTION = YES;
				GCC_WARN_UNUSED_VARIABLE = YES;
				IPHONEOS_DEPLOYMENT_TARGET = 14.1;
				MTL_ENABLE_DEBUG_INFO = INCLUDE_SOURCE;
				MTL_FAST_MATH = YES;
				ONLY_ACTIVE_ARCH = YES;
				SDKROOT = iphoneos;
				SWIFT_ACTIVE_COMPILATION_CONDITIONS = DEBUG;
				SWIFT_OPTIMIZATION_LEVEL = "-Onone";
			};
			name = Debug;
		};
		5B8512B126DE43E4001FA4F4 /* Release */ = {
			isa = XCBuildConfiguration;
			buildSettings = {
				ALWAYS_SEARCH_USER_PATHS = NO;
				CLANG_ANALYZER_NONNULL = YES;
				CLANG_ANALYZER_NUMBER_OBJECT_CONVERSION = YES_AGGRESSIVE;
				CLANG_CXX_LANGUAGE_STANDARD = "gnu++14";
				CLANG_CXX_LIBRARY = "libc++";
				CLANG_ENABLE_MODULES = YES;
				CLANG_ENABLE_OBJC_ARC = YES;
				CLANG_ENABLE_OBJC_WEAK = YES;
				CLANG_WARN_BLOCK_CAPTURE_AUTORELEASING = YES;
				CLANG_WARN_BOOL_CONVERSION = YES;
				CLANG_WARN_COMMA = YES;
				CLANG_WARN_CONSTANT_CONVERSION = YES;
				CLANG_WARN_DEPRECATED_OBJC_IMPLEMENTATIONS = YES;
				CLANG_WARN_DIRECT_OBJC_ISA_USAGE = YES_ERROR;
				CLANG_WARN_DOCUMENTATION_COMMENTS = YES;
				CLANG_WARN_EMPTY_BODY = YES;
				CLANG_WARN_ENUM_CONVERSION = YES;
				CLANG_WARN_INFINITE_RECURSION = YES;
				CLANG_WARN_INT_CONVERSION = YES;
				CLANG_WARN_NON_LITERAL_NULL_CONVERSION = YES;
				CLANG_WARN_OBJC_IMPLICIT_RETAIN_SELF = YES;
				CLANG_WARN_OBJC_LITERAL_CONVERSION = YES;
				CLANG_WARN_OBJC_ROOT_CLASS = YES_ERROR;
				CLANG_WARN_QUOTED_INCLUDE_IN_FRAMEWORK_HEADER = YES;
				CLANG_WARN_RANGE_LOOP_ANALYSIS = YES;
				CLANG_WARN_STRICT_PROTOTYPES = YES;
				CLANG_WARN_SUSPICIOUS_MOVE = YES;
				CLANG_WARN_UNGUARDED_AVAILABILITY = YES_AGGRESSIVE;
				CLANG_WARN_UNREACHABLE_CODE = YES;
				CLANG_WARN__DUPLICATE_METHOD_MATCH = YES;
				COPY_PHASE_STRIP = NO;
				DEBUG_INFORMATION_FORMAT = "dwarf-with-dsym";
				ENABLE_NS_ASSERTIONS = NO;
				ENABLE_STRICT_OBJC_MSGSEND = YES;
				GCC_C_LANGUAGE_STANDARD = gnu11;
				GCC_NO_COMMON_BLOCKS = YES;
				GCC_WARN_64_TO_32_BIT_CONVERSION = YES;
				GCC_WARN_ABOUT_RETURN_TYPE = YES_ERROR;
				GCC_WARN_UNDECLARED_SELECTOR = YES;
				GCC_WARN_UNINITIALIZED_AUTOS = YES_AGGRESSIVE;
				GCC_WARN_UNUSED_FUNCTION = YES;
				GCC_WARN_UNUSED_VARIABLE = YES;
				IPHONEOS_DEPLOYMENT_TARGET = 14.1;
				MTL_ENABLE_DEBUG_INFO = NO;
				MTL_FAST_MATH = YES;
				SDKROOT = iphoneos;
				SWIFT_COMPILATION_MODE = wholemodule;
				SWIFT_OPTIMIZATION_LEVEL = "-O";
				VALIDATE_PRODUCT = YES;
			};
			name = Release;
		};
		5B8512B326DE43E4001FA4F4 /* Debug */ = {
			isa = XCBuildConfiguration;
			buildSettings = {
				ASSETCATALOG_COMPILER_APPICON_NAME = AppIcon;
				ASSETCATALOG_COMPILER_GLOBAL_ACCENT_COLOR_NAME = AccentColor;
				CODE_SIGN_STYLE = Automatic;
				DEVELOPMENT_ASSET_PATHS = "\"BCInputField/Preview Content\"";
				DEVELOPMENT_TEAM = 5RLD3B22VC;
				ENABLE_PREVIEWS = YES;
				INFOPLIST_FILE = BCInputField/Info.plist;
				IPHONEOS_DEPLOYMENT_TARGET = 14.1;
				LD_RUNPATH_SEARCH_PATHS = (
					"$(inherited)",
					"@executable_path/Frameworks",
				);
				PRODUCT_BUNDLE_IDENTIFIER = com.BlueCrunch.BCInputField;
				PRODUCT_NAME = "$(TARGET_NAME)";
				SWIFT_VERSION = 5.0;
				TARGETED_DEVICE_FAMILY = "1,2";
			};
			name = Debug;
		};
		5B8512B426DE43E4001FA4F4 /* Release */ = {
			isa = XCBuildConfiguration;
			buildSettings = {
				ASSETCATALOG_COMPILER_APPICON_NAME = AppIcon;
				ASSETCATALOG_COMPILER_GLOBAL_ACCENT_COLOR_NAME = AccentColor;
				CODE_SIGN_STYLE = Automatic;
				DEVELOPMENT_ASSET_PATHS = "\"BCInputField/Preview Content\"";
				DEVELOPMENT_TEAM = 5RLD3B22VC;
				ENABLE_PREVIEWS = YES;
				INFOPLIST_FILE = BCInputField/Info.plist;
				IPHONEOS_DEPLOYMENT_TARGET = 14.1;
				LD_RUNPATH_SEARCH_PATHS = (
					"$(inherited)",
					"@executable_path/Frameworks",
				);
				PRODUCT_BUNDLE_IDENTIFIER = com.BlueCrunch.BCInputField;
				PRODUCT_NAME = "$(TARGET_NAME)";
				SWIFT_VERSION = 5.0;
				TARGETED_DEVICE_FAMILY = "1,2";
			};
			name = Release;
		};
/* End XCBuildConfiguration section */

/* Begin XCConfigurationList section */
		5B85129926DE43DE001FA4F4 /* Build configuration list for PBXProject "BCInputField" */ = {
			isa = XCConfigurationList;
			buildConfigurations = (
				5B8512B026DE43E4001FA4F4 /* Debug */,
				5B8512B126DE43E4001FA4F4 /* Release */,
			);
			defaultConfigurationIsVisible = 0;
			defaultConfigurationName = Release;
		};
		5B8512B226DE43E4001FA4F4 /* Build configuration list for PBXNativeTarget "BCInputField" */ = {
			isa = XCConfigurationList;
			buildConfigurations = (
				5B8512B326DE43E4001FA4F4 /* Debug */,
				5B8512B426DE43E4001FA4F4 /* Release */,
			);
			defaultConfigurationIsVisible = 0;
			defaultConfigurationName = Release;
		};
/* End XCConfigurationList section */
	};
	rootObject = 5B85129626DE43DE001FA4F4 /* Project object */;
}
